// !$*UTF8*$!
{
	archiveVersion = 1;
	classes = {
	};
	objectVersion = 56;
	objects = {

/* Begin PBXBuildFile section */
		BEDDABCA296DA16000833654 /* AppDelegate.swift in Sources */ = {isa = PBXBuildFile; fileRef = BEDDABC9296DA16000833654 /* AppDelegate.swift */; };
		BEDDABCC296DA16000833654 /* SceneDelegate.swift in Sources */ = {isa = PBXBuildFile; fileRef = BEDDABCB296DA16000833654 /* SceneDelegate.swift */; };
		BEDDABCE296DA16000833654 /* LoginViewController.swift in Sources */ = {isa = PBXBuildFile; fileRef = BEDDABCD296DA16000833654 /* LoginViewController.swift */; };
		BEDDABD1296DA16100833654 /* Main.storyboard in Resources */ = {isa = PBXBuildFile; fileRef = BEDDABCF296DA16100833654 /* Main.storyboard */; };
		BEDDABD3296DA16200833654 /* Assets.xcassets in Resources */ = {isa = PBXBuildFile; fileRef = BEDDABD2296DA16200833654 /* Assets.xcassets */; };
		BEDDABD6296DA16200833654 /* LaunchScreen.storyboard in Resources */ = {isa = PBXBuildFile; fileRef = BEDDABD4296DA16200833654 /* LaunchScreen.storyboard */; };
		BEDDABE1296DA16200833654 /* NavigationViewController_tutoriakTests.swift in Sources */ = {isa = PBXBuildFile; fileRef = BEDDABE0296DA16200833654 /* NavigationViewController_tutoriakTests.swift */; };
		BEDDABEB296DA16300833654 /* NavigationViewController_tutoriakUITests.swift in Sources */ = {isa = PBXBuildFile; fileRef = BEDDABEA296DA16300833654 /* NavigationViewController_tutoriakUITests.swift */; };
		BEDDABED296DA16300833654 /* NavigationViewController_tutoriakUITestsLaunchTests.swift in Sources */ = {isa = PBXBuildFile; fileRef = BEDDABEC296DA16300833654 /* NavigationViewController_tutoriakUITestsLaunchTests.swift */; };
		BEDDABFC296DA6C900833654 /* RegisterViewController.swift in Sources */ = {isa = PBXBuildFile; fileRef = BEDDABFB296DA6C900833654 /* RegisterViewController.swift */; };
/* End PBXBuildFile section */

/* Begin PBXContainerItemProxy section */
		BEDDABDD296DA16200833654 /* PBXContainerItemProxy */ = {
			isa = PBXContainerItemProxy;
			containerPortal = BEDDABBE296DA16000833654 /* Project object */;
			proxyType = 1;
			remoteGlobalIDString = BEDDABC5296DA16000833654;
			remoteInfo = NavigationViewController_tutoriak;
		};
		BEDDABE7296DA16300833654 /* PBXContainerItemProxy */ = {
			isa = PBXContainerItemProxy;
			containerPortal = BEDDABBE296DA16000833654 /* Project object */;
			proxyType = 1;
			remoteGlobalIDString = BEDDABC5296DA16000833654;
			remoteInfo = NavigationViewController_tutoriak;
		};
/* End PBXContainerItemProxy section */

/* Begin PBXFileReference section */
		BEDDABC6296DA16000833654 /* NavigationViewController_tutoriak.app */ = {isa = PBXFileReference; explicitFileType = wrapper.application; includeInIndex = 0; path = NavigationViewController_tutoriak.app; sourceTree = BUILT_PRODUCTS_DIR; };
		BEDDABC9296DA16000833654 /* AppDelegate.swift */ = {isa = PBXFileReference; lastKnownFileType = sourcecode.swift; path = AppDelegate.swift; sourceTree = "<group>"; };
		BEDDABCB296DA16000833654 /* SceneDelegate.swift */ = {isa = PBXFileReference; lastKnownFileType = sourcecode.swift; path = SceneDelegate.swift; sourceTree = "<group>"; };
		BEDDABCD296DA16000833654 /* LoginViewController.swift */ = {isa = PBXFileReference; lastKnownFileType = sourcecode.swift; path = LoginViewController.swift; sourceTree = "<group>"; };
		BEDDABD0296DA16100833654 /* Base */ = {isa = PBXFileReference; lastKnownFileType = file.storyboard; name = Base; path = Base.lproj/Main.storyboard; sourceTree = "<group>"; };
		BEDDABD2296DA16200833654 /* Assets.xcassets */ = {isa = PBXFileReference; lastKnownFileType = folder.assetcatalog; path = Assets.xcassets; sourceTree = "<group>"; };
		BEDDABD5296DA16200833654 /* Base */ = {isa = PBXFileReference; lastKnownFileType = file.storyboard; name = Base; path = Base.lproj/LaunchScreen.storyboard; sourceTree = "<group>"; };
		BEDDABD7296DA16200833654 /* Info.plist */ = {isa = PBXFileReference; lastKnownFileType = text.plist.xml; path = Info.plist; sourceTree = "<group>"; };
		BEDDABDC296DA16200833654 /* NavigationViewController_tutoriakTests.xctest */ = {isa = PBXFileReference; explicitFileType = wrapper.cfbundle; includeInIndex = 0; path = NavigationViewController_tutoriakTests.xctest; sourceTree = BUILT_PRODUCTS_DIR; };
		BEDDABE0296DA16200833654 /* NavigationViewController_tutoriakTests.swift */ = {isa = PBXFileReference; lastKnownFileType = sourcecode.swift; path = NavigationViewController_tutoriakTests.swift; sourceTree = "<group>"; };
		BEDDABE6296DA16300833654 /* NavigationViewController_tutoriakUITests.xctest */ = {isa = PBXFileReference; explicitFileType = wrapper.cfbundle; includeInIndex = 0; path = NavigationViewController_tutoriakUITests.xctest; sourceTree = BUILT_PRODUCTS_DIR; };
		BEDDABEA296DA16300833654 /* NavigationViewController_tutoriakUITests.swift */ = {isa = PBXFileReference; lastKnownFileType = sourcecode.swift; path = NavigationViewController_tutoriakUITests.swift; sourceTree = "<group>"; };
		BEDDABEC296DA16300833654 /* NavigationViewController_tutoriakUITestsLaunchTests.swift */ = {isa = PBXFileReference; lastKnownFileType = sourcecode.swift; path = NavigationViewController_tutoriakUITestsLaunchTests.swift; sourceTree = "<group>"; };
		BEDDABFB296DA6C900833654 /* RegisterViewController.swift */ = {isa = PBXFileReference; lastKnownFileType = sourcecode.swift; path = RegisterViewController.swift; sourceTree = "<group>"; };
/* End PBXFileReference section */

/* Begin PBXFrameworksBuildPhase section */
		BEDDABC3296DA16000833654 /* Frameworks */ = {
			isa = PBXFrameworksBuildPhase;
			buildActionMask = 2147483647;
			files = (
			);
			runOnlyForDeploymentPostprocessing = 0;
		};
		BEDDABD9296DA16200833654 /* Frameworks */ = {
			isa = PBXFrameworksBuildPhase;
			buildActionMask = 2147483647;
			files = (
			);
			runOnlyForDeploymentPostprocessing = 0;
		};
		BEDDABE3296DA16300833654 /* Frameworks */ = {
			isa = PBXFrameworksBuildPhase;
			buildActionMask = 2147483647;
			files = (
			);
			runOnlyForDeploymentPostprocessing = 0;
		};
/* End PBXFrameworksBuildPhase section */

/* Begin PBXGroup section */
		BEDDABBD296DA16000833654 = {
			isa = PBXGroup;
			children = (
				BEDDABC8296DA16000833654 /* NavigationViewController_tutoriak */,
				BEDDABDF296DA16200833654 /* NavigationViewController_tutoriakTests */,
				BEDDABE9296DA16300833654 /* NavigationViewController_tutoriakUITests */,
				BEDDABC7296DA16000833654 /* Products */,
			);
			sourceTree = "<group>";
		};
		BEDDABC7296DA16000833654 /* Products */ = {
			isa = PBXGroup;
			children = (
				BEDDABC6296DA16000833654 /* NavigationViewController_tutoriak.app */,
				BEDDABDC296DA16200833654 /* NavigationViewController_tutoriakTests.xctest */,
				BEDDABE6296DA16300833654 /* NavigationViewController_tutoriakUITests.xctest */,
			);
			name = Products;
			sourceTree = "<group>";
		};
		BEDDABC8296DA16000833654 /* NavigationViewController_tutoriak */ = {
			isa = PBXGroup;
			children = (
				BEDDABFD296DA6F700833654 /* Controllers */,
				BEDDABC9296DA16000833654 /* AppDelegate.swift */,
				BEDDABCB296DA16000833654 /* SceneDelegate.swift */,
				BEDDABCF296DA16100833654 /* Main.storyboard */,
				BEDDABD2296DA16200833654 /* Assets.xcassets */,
				BEDDABD4296DA16200833654 /* LaunchScreen.storyboard */,
				BEDDABD7296DA16200833654 /* Info.plist */,
			);
			path = NavigationViewController_tutoriak;
			sourceTree = "<group>";
		};
		BEDDABDF296DA16200833654 /* NavigationViewController_tutoriakTests */ = {
			isa = PBXGroup;
			children = (
				BEDDABE0296DA16200833654 /* NavigationViewController_tutoriakTests.swift */,
			);
			path = NavigationViewController_tutoriakTests;
			sourceTree = "<group>";
		};
		BEDDABE9296DA16300833654 /* NavigationViewController_tutoriakUITests */ = {
			isa = PBXGroup;
			children = (
				BEDDABEA296DA16300833654 /* NavigationViewController_tutoriakUITests.swift */,
				BEDDABEC296DA16300833654 /* NavigationViewController_tutoriakUITestsLaunchTests.swift */,
			);
			path = NavigationViewController_tutoriakUITests;
			sourceTree = "<group>";
		};
		BEDDABFD296DA6F700833654 /* Controllers */ = {
			isa = PBXGroup;
			children = (
				BEDDABFB296DA6C900833654 /* RegisterViewController.swift */,
				BEDDABCD296DA16000833654 /* LoginViewController.swift */,
			);
			path = Controllers;
			sourceTree = "<group>";
		};
/* End PBXGroup section */

/* Begin PBXNativeTarget section */
		BEDDABC5296DA16000833654 /* NavigationViewController_tutoriak */ = {
			isa = PBXNativeTarget;
			buildConfigurationList = BEDDABF0296DA16300833654 /* Build configuration list for PBXNativeTarget "NavigationViewController_tutoriak" */;
			buildPhases = (
				BEDDABC2296DA16000833654 /* Sources */,
				BEDDABC3296DA16000833654 /* Frameworks */,
				BEDDABC4296DA16000833654 /* Resources */,
			);
			buildRules = (
			);
			dependencies = (
			);
			name = NavigationViewController_tutoriak;
			productName = NavigationViewController_tutoriak;
			productReference = BEDDABC6296DA16000833654 /* NavigationViewController_tutoriak.app */;
			productType = "com.apple.product-type.application";
		};
		BEDDABDB296DA16200833654 /* NavigationViewController_tutoriakTests */ = {
			isa = PBXNativeTarget;
			buildConfigurationList = BEDDABF3296DA16300833654 /* Build configuration list for PBXNativeTarget "NavigationViewController_tutoriakTests" */;
			buildPhases = (
				BEDDABD8296DA16200833654 /* Sources */,
				BEDDABD9296DA16200833654 /* Frameworks */,
				BEDDABDA296DA16200833654 /* Resources */,
			);
			buildRules = (
			);
			dependencies = (
				BEDDABDE296DA16200833654 /* PBXTargetDependency */,
			);
			name = NavigationViewController_tutoriakTests;
			productName = NavigationViewController_tutoriakTests;
			productReference = BEDDABDC296DA16200833654 /* NavigationViewController_tutoriakTests.xctest */;
			productType = "com.apple.product-type.bundle.unit-test";
		};
		BEDDABE5296DA16300833654 /* NavigationViewController_tutoriakUITests */ = {
			isa = PBXNativeTarget;
			buildConfigurationList = BEDDABF6296DA16300833654 /* Build configuration list for PBXNativeTarget "NavigationViewController_tutoriakUITests" */;
			buildPhases = (
				BEDDABE2296DA16300833654 /* Sources */,
				BEDDABE3296DA16300833654 /* Frameworks */,
				BEDDABE4296DA16300833654 /* Resources */,
			);
			buildRules = (
			);
			dependencies = (
				BEDDABE8296DA16300833654 /* PBXTargetDependency */,
			);
			name = NavigationViewController_tutoriakUITests;
			productName = NavigationViewController_tutoriakUITests;
			productReference = BEDDABE6296DA16300833654 /* NavigationViewController_tutoriakUITests.xctest */;
			productType = "com.apple.product-type.bundle.ui-testing";
		};
/* End PBXNativeTarget section */

/* Begin PBXProject section */
		BEDDABBE296DA16000833654 /* Project object */ = {
			isa = PBXProject;
			attributes = {
				BuildIndependentTargetsInParallel = 1;
				LastSwiftUpdateCheck = 1420;
				LastUpgradeCheck = 1420;
				TargetAttributes = {
					BEDDABC5296DA16000833654 = {
						CreatedOnToolsVersion = 14.2;
					};
					BEDDABDB296DA16200833654 = {
						CreatedOnToolsVersion = 14.2;
						TestTargetID = BEDDABC5296DA16000833654;
					};
					BEDDABE5296DA16300833654 = {
						CreatedOnToolsVersion = 14.2;
						TestTargetID = BEDDABC5296DA16000833654;
					};
				};
			};
			buildConfigurationList = BEDDABC1296DA16000833654 /* Build configuration list for PBXProject "NavigationViewController_tutoriak" */;
			compatibilityVersion = "Xcode 14.0";
			developmentRegion = en;
			hasScannedForEncodings = 0;
			knownRegions = (
				en,
				Base,
			);
			mainGroup = BEDDABBD296DA16000833654;
			productRefGroup = BEDDABC7296DA16000833654 /* Products */;
			projectDirPath = "";
			projectRoot = "";
			targets = (
				BEDDABC5296DA16000833654 /* NavigationViewController_tutoriak */,
				BEDDABDB296DA16200833654 /* NavigationViewController_tutoriakTests */,
				BEDDABE5296DA16300833654 /* NavigationViewController_tutoriakUITests */,
			);
		};
/* End PBXProject section */

/* Begin PBXResourcesBuildPhase section */
		BEDDABC4296DA16000833654 /* Resources */ = {
			isa = PBXResourcesBuildPhase;
			buildActionMask = 2147483647;
			files = (
				BEDDABD6296DA16200833654 /* LaunchScreen.storyboard in Resources */,
				BEDDABD3296DA16200833654 /* Assets.xcassets in Resources */,
				BEDDABD1296DA16100833654 /* Main.storyboard in Resources */,
			);
			runOnlyForDeploymentPostprocessing = 0;
		};
		BEDDABDA296DA16200833654 /* Resources */ = {
			isa = PBXResourcesBuildPhase;
			buildActionMask = 2147483647;
			files = (
			);
			runOnlyForDeploymentPostprocessing = 0;
		};
		BEDDABE4296DA16300833654 /* Resources */ = {
			isa = PBXResourcesBuildPhase;
			buildActionMask = 2147483647;
			files = (
			);
			runOnlyForDeploymentPostprocessing = 0;
		};
/* End PBXResourcesBuildPhase section */

/* Begin PBXSourcesBuildPhase section */
		BEDDABC2296DA16000833654 /* Sources */ = {
			isa = PBXSourcesBuildPhase;
			buildActionMask = 2147483647;
			files = (
				BEDDABCE296DA16000833654 /* LoginViewController.swift in Sources */,
				BEDDABCA296DA16000833654 /* AppDelegate.swift in Sources */,
				BEDDABCC296DA16000833654 /* SceneDelegate.swift in Sources */,
				BEDDABFC296DA6C900833654 /* RegisterViewController.swift in Sources */,
			);
			runOnlyForDeploymentPostprocessing = 0;
		};
		BEDDABD8296DA16200833654 /* Sources */ = {
			isa = PBXSourcesBuildPhase;
			buildActionMask = 2147483647;
			files = (
				BEDDABE1296DA16200833654 /* NavigationViewController_tutoriakTests.swift in Sources */,
			);
			runOnlyForDeploymentPostprocessing = 0;
		};
		BEDDABE2296DA16300833654 /* Sources */ = {
			isa = PBXSourcesBuildPhase;
			buildActionMask = 2147483647;
			files = (
				BEDDABED296DA16300833654 /* NavigationViewController_tutoriakUITestsLaunchTests.swift in Sources */,
				BEDDABEB296DA16300833654 /* NavigationViewController_tutoriakUITests.swift in Sources */,
			);
			runOnlyForDeploymentPostprocessing = 0;
		};
/* End PBXSourcesBuildPhase section */

/* Begin PBXTargetDependency section */
		BEDDABDE296DA16200833654 /* PBXTargetDependency */ = {
			isa = PBXTargetDependency;
			target = BEDDABC5296DA16000833654 /* NavigationViewController_tutoriak */;
			targetProxy = BEDDABDD296DA16200833654 /* PBXContainerItemProxy */;
		};
		BEDDABE8296DA16300833654 /* PBXTargetDependency */ = {
			isa = PBXTargetDependency;
			target = BEDDABC5296DA16000833654 /* NavigationViewController_tutoriak */;
			targetProxy = BEDDABE7296DA16300833654 /* PBXContainerItemProxy */;
		};
/* End PBXTargetDependency section */

/* Begin PBXVariantGroup section */
		BEDDABCF296DA16100833654 /* Main.storyboard */ = {
			isa = PBXVariantGroup;
			children = (
				BEDDABD0296DA16100833654 /* Base */,
			);
			name = Main.storyboard;
			sourceTree = "<group>";
		};
		BEDDABD4296DA16200833654 /* LaunchScreen.storyboard */ = {
			isa = PBXVariantGroup;
			children = (
				BEDDABD5296DA16200833654 /* Base */,
			);
			name = LaunchScreen.storyboard;
			sourceTree = "<group>";
		};
/* End PBXVariantGroup section */

/* Begin XCBuildConfiguration section */
		BEDDABEE296DA16300833654 /* Debug */ = {
			isa = XCBuildConfiguration;
			buildSettings = {
				ALWAYS_SEARCH_USER_PATHS = NO;
				CLANG_ANALYZER_NONNULL = YES;
				CLANG_ANALYZER_NUMBER_OBJECT_CONVERSION = YES_AGGRESSIVE;
				CLANG_CXX_LANGUAGE_STANDARD = "gnu++20";
				CLANG_ENABLE_MODULES = YES;
				CLANG_ENABLE_OBJC_ARC = YES;
				CLANG_ENABLE_OBJC_WEAK = YES;
				CLANG_WARN_BLOCK_CAPTURE_AUTORELEASING = YES;
				CLANG_WARN_BOOL_CONVERSION = YES;
				CLANG_WARN_COMMA = YES;
				CLANG_WARN_CONSTANT_CONVERSION = YES;
				CLANG_WARN_DEPRECATED_OBJC_IMPLEMENTATIONS = YES;
				CLANG_WARN_DIRECT_OBJC_ISA_USAGE = YES_ERROR;
				CLANG_WARN_DOCUMENTATION_COMMENTS = YES;
				CLANG_WARN_EMPTY_BODY = YES;
				CLANG_WARN_ENUM_CONVERSION = YES;
				CLANG_WARN_INFINITE_RECURSION = YES;
				CLANG_WARN_INT_CONVERSION = YES;
				CLANG_WARN_NON_LITERAL_NULL_CONVERSION = YES;
				CLANG_WARN_OBJC_IMPLICIT_RETAIN_SELF = YES;
				CLANG_WARN_OBJC_LITERAL_CONVERSION = YES;
				CLANG_WARN_OBJC_ROOT_CLASS = YES_ERROR;
				CLANG_WARN_QUOTED_INCLUDE_IN_FRAMEWORK_HEADER = YES;
				CLANG_WARN_RANGE_LOOP_ANALYSIS = YES;
				CLANG_WARN_STRICT_PROTOTYPES = YES;
				CLANG_WARN_SUSPICIOUS_MOVE = YES;
				CLANG_WARN_UNGUARDED_AVAILABILITY = YES_AGGRESSIVE;
				CLANG_WARN_UNREACHABLE_CODE = YES;
				CLANG_WARN__DUPLICATE_METHOD_MATCH = YES;
				COPY_PHASE_STRIP = NO;
				DEBUG_INFORMATION_FORMAT = dwarf;
				ENABLE_STRICT_OBJC_MSGSEND = YES;
				ENABLE_TESTABILITY = YES;
				GCC_C_LANGUAGE_STANDARD = gnu11;
				GCC_DYNAMIC_NO_PIC = NO;
				GCC_NO_COMMON_BLOCKS = YES;
				GCC_OPTIMIZATION_LEVEL = 0;
				GCC_PREPROCESSOR_DEFINITIONS = (
					"DEBUG=1",
					"$(inherited)",
				);
				GCC_WARN_64_TO_32_BIT_CONVERSION = YES;
				GCC_WARN_ABOUT_RETURN_TYPE = YES_ERROR;
				GCC_WARN_UNDECLARED_SELECTOR = YES;
				GCC_WARN_UNINITIALIZED_AUTOS = YES_AGGRESSIVE;
				GCC_WARN_UNUSED_FUNCTION = YES;
				GCC_WARN_UNUSED_VARIABLE = YES;
				IPHONEOS_DEPLOYMENT_TARGET = 16.2;
				MTL_ENABLE_DEBUG_INFO = INCLUDE_SOURCE;
				MTL_FAST_MATH = YES;
				ONLY_ACTIVE_ARCH = YES;
				SDKROOT = iphoneos;
				SWIFT_ACTIVE_COMPILATION_CONDITIONS = DEBUG;
				SWIFT_OPTIMIZATION_LEVEL = "-Onone";
			};
			name = Debug;
		};
		BEDDABEF296DA16300833654 /* Release */ = {
			isa = XCBuildConfiguration;
			buildSettings = {
				ALWAYS_SEARCH_USER_PATHS = NO;
				CLANG_ANALYZER_NONNULL = YES;
				CLANG_ANALYZER_NUMBER_OBJECT_CONVERSION = YES_AGGRESSIVE;
				CLANG_CXX_LANGUAGE_STANDARD = "gnu++20";
				CLANG_ENABLE_MODULES = YES;
				CLANG_ENABLE_OBJC_ARC = YES;
				CLANG_ENABLE_OBJC_WEAK = YES;
				CLANG_WARN_BLOCK_CAPTURE_AUTORELEASING = YES;
				CLANG_WARN_BOOL_CONVERSION = YES;
				CLANG_WARN_COMMA = YES;
				CLANG_WARN_CONSTANT_CONVERSION = YES;
				CLANG_WARN_DEPRECATED_OBJC_IMPLEMENTATIONS = YES;
				CLANG_WARN_DIRECT_OBJC_ISA_USAGE = YES_ERROR;
				CLANG_WARN_DOCUMENTATION_COMMENTS = YES;
				CLANG_WARN_EMPTY_BODY = YES;
				CLANG_WARN_ENUM_CONVERSION = YES;
				CLANG_WARN_INFINITE_RECURSION = YES;
				CLANG_WARN_INT_CONVERSION = YES;
				CLANG_WARN_NON_LITERAL_NULL_CONVERSION = YES;
				CLANG_WARN_OBJC_IMPLICIT_RETAIN_SELF = YES;
				CLANG_WARN_OBJC_LITERAL_CONVERSION = YES;
				CLANG_WARN_OBJC_ROOT_CLASS = YES_ERROR;
				CLANG_WARN_QUOTED_INCLUDE_IN_FRAMEWORK_HEADER = YES;
				CLANG_WARN_RANGE_LOOP_ANALYSIS = YES;
				CLANG_WARN_STRICT_PROTOTYPES = YES;
				CLANG_WARN_SUSPICIOUS_MOVE = YES;
				CLANG_WARN_UNGUARDED_AVAILABILITY = YES_AGGRESSIVE;
				CLANG_WARN_UNREACHABLE_CODE = YES;
				CLANG_WARN__DUPLICATE_METHOD_MATCH = YES;
				COPY_PHASE_STRIP = NO;
				DEBUG_INFORMATION_FORMAT = "dwarf-with-dsym";
				ENABLE_NS_ASSERTIONS = NO;
				ENABLE_STRICT_OBJC_MSGSEND = YES;
				GCC_C_LANGUAGE_STANDARD = gnu11;
				GCC_NO_COMMON_BLOCKS = YES;
				GCC_WARN_64_TO_32_BIT_CONVERSION = YES;
				GCC_WARN_ABOUT_RETURN_TYPE = YES_ERROR;
				GCC_WARN_UNDECLARED_SELECTOR = YES;
				GCC_WARN_UNINITIALIZED_AUTOS = YES_AGGRESSIVE;
				GCC_WARN_UNUSED_FUNCTION = YES;
				GCC_WARN_UNUSED_VARIABLE = YES;
				IPHONEOS_DEPLOYMENT_TARGET = 16.2;
				MTL_ENABLE_DEBUG_INFO = NO;
				MTL_FAST_MATH = YES;
				SDKROOT = iphoneos;
				SWIFT_COMPILATION_MODE = wholemodule;
				SWIFT_OPTIMIZATION_LEVEL = "-O";
				VALIDATE_PRODUCT = YES;
			};
			name = Release;
		};
		BEDDABF1296DA16300833654 /* Debug */ = {
			isa = XCBuildConfiguration;
			buildSettings = {
				ASSETCATALOG_COMPILER_APPICON_NAME = AppIcon;
				ASSETCATALOG_COMPILER_GLOBAL_ACCENT_COLOR_NAME = AccentColor;
				CODE_SIGN_STYLE = Automatic;
				CURRENT_PROJECT_VERSION = 1;
				GENERATE_INFOPLIST_FILE = YES;
				INFOPLIST_FILE = NavigationViewController_tutoriak/Info.plist;
				INFOPLIST_KEY_UIApplicationSupportsIndirectInputEvents = YES;
				INFOPLIST_KEY_UILaunchStoryboardName = LaunchScreen;
				INFOPLIST_KEY_UIMainStoryboardFile = Main;
				INFOPLIST_KEY_UISupportedInterfaceOrientations_iPad = "UIInterfaceOrientationPortrait UIInterfaceOrientationPortraitUpsideDown UIInterfaceOrientationLandscapeLeft UIInterfaceOrientationLandscapeRight";
				INFOPLIST_KEY_UISupportedInterfaceOrientations_iPhone = "UIInterfaceOrientationPortrait UIInterfaceOrientationLandscapeLeft UIInterfaceOrientationLandscapeRight";
				LD_RUNPATH_SEARCH_PATHS = (
					"$(inherited)",
					"@executable_path/Frameworks",
				);
				MARKETING_VERSION = 1.0;
				PRODUCT_BUNDLE_IDENTIFIER = "com.test.NavigationViewController-tutoriak";
				PRODUCT_NAME = "$(TARGET_NAME)";
				SWIFT_EMIT_LOC_STRINGS = YES;
				SWIFT_VERSION = 5.0;
				TARGETED_DEVICE_FAMILY = "1,2";
			};
			name = Debug;
		};
		BEDDABF2296DA16300833654 /* Release */ = {
			isa = XCBuildConfiguration;
			buildSettings = {
				ASSETCATALOG_COMPILER_APPICON_NAME = AppIcon;
				ASSETCATALOG_COMPILER_GLOBAL_ACCENT_COLOR_NAME = AccentColor;
				CODE_SIGN_STYLE = Automatic;
				CURRENT_PROJECT_VERSION = 1;
				GENERATE_INFOPLIST_FILE = YES;
				INFOPLIST_FILE = NavigationViewController_tutoriak/Info.plist;
				INFOPLIST_KEY_UIApplicationSupportsIndirectInputEvents = YES;
				INFOPLIST_KEY_UILaunchStoryboardName = LaunchScreen;
				INFOPLIST_KEY_UIMainStoryboardFile = Main;
				INFOPLIST_KEY_UISupportedInterfaceOrientations_iPad = "UIInterfaceOrientationPortrait UIInterfaceOrientationPortraitUpsideDown UIInterfaceOrientationLandscapeLeft UIInterfaceOrientationLandscapeRight";
				INFOPLIST_KEY_UISupportedInterfaceOrientations_iPhone = "UIInterfaceOrientationPortrait UIInterfaceOrientationLandscapeLeft UIInterfaceOrientationLandscapeRight";
				LD_RUNPATH_SEARCH_PATHS = (
					"$(inherited)",
					"@executable_path/Frameworks",
				);
				MARKETING_VERSION = 1.0;
				PRODUCT_BUNDLE_IDENTIFIER = "com.test.NavigationViewController-tutoriak";
				PRODUCT_NAME = "$(TARGET_NAME)";
				SWIFT_EMIT_LOC_STRINGS = YES;
				SWIFT_VERSION = 5.0;
				TARGETED_DEVICE_FAMILY = "1,2";
			};
			name = Release;
		};
		BEDDABF4296DA16300833654 /* Debug */ = {
			isa = XCBuildConfiguration;
			buildSettings = {
				ALWAYS_EMBED_SWIFT_STANDARD_LIBRARIES = YES;
				BUNDLE_LOADER = "$(TEST_HOST)";
				CODE_SIGN_STYLE = Automatic;
				CURRENT_PROJECT_VERSION = 1;
				GENERATE_INFOPLIST_FILE = YES;
				IPHONEOS_DEPLOYMENT_TARGET = 16.2;
				MARKETING_VERSION = 1.0;
				PRODUCT_BUNDLE_IDENTIFIER = "com.test.NavigationViewController-tutoriakTests";
				PRODUCT_NAME = "$(TARGET_NAME)";
				SWIFT_EMIT_LOC_STRINGS = NO;
				SWIFT_VERSION = 5.0;
				TARGETED_DEVICE_FAMILY = "1,2";
				TEST_HOST = "$(BUILT_PRODUCTS_DIR)/NavigationViewController_tutoriak.app/$(BUNDLE_EXECUTABLE_FOLDER_PATH)/NavigationViewController_tutoriak";
			};
			name = Debug;
		};
		BEDDABF5296DA16300833654 /* Release */ = {
			isa = XCBuildConfiguration;
			buildSettings = {
				ALWAYS_EMBED_SWIFT_STANDARD_LIBRARIES = YES;
				BUNDLE_LOADER = "$(TEST_HOST)";
				CODE_SIGN_STYLE = Automatic;
				CURRENT_PROJECT_VERSION = 1;
				GENERATE_INFOPLIST_FILE = YES;
				IPHONEOS_DEPLOYMENT_TARGET = 16.2;
				MARKETING_VERSION = 1.0;
				PRODUCT_BUNDLE_IDENTIFIER = "com.test.NavigationViewController-tutoriakTests";
				PRODUCT_NAME = "$(TARGET_NAME)";
				SWIFT_EMIT_LOC_STRINGS = NO;
				SWIFT_VERSION = 5.0;
				TARGETED_DEVICE_FAMILY = "1,2";
				TEST_HOST = "$(BUILT_PRODUCTS_DIR)/NavigationViewController_tutoriak.app/$(BUNDLE_EXECUTABLE_FOLDER_PATH)/NavigationViewController_tutoriak";
			};
			name = Release;
		};
		BEDDABF7296DA16300833654 /* Debug */ = {
			isa = XCBuildConfiguration;
			buildSettings = {
				ALWAYS_EMBED_SWIFT_STANDARD_LIBRARIES = YES;
				CODE_SIGN_STYLE = Automatic;
				CURRENT_PROJECT_VERSION = 1;
				GENERATE_INFOPLIST_FILE = YES;
				MARKETING_VERSION = 1.0;
				PRODUCT_BUNDLE_IDENTIFIER = "com.test.NavigationViewController-tutoriakUITests";
				PRODUCT_NAME = "$(TARGET_NAME)";
				SWIFT_EMIT_LOC_STRINGS = NO;
				SWIFT_VERSION = 5.0;
				TARGETED_DEVICE_FAMILY = "1,2";
				TEST_TARGET_NAME = NavigationViewController_tutoriak;
			};
			name = Debug;
		};
		BEDDABF8296DA16300833654 /* Release */ = {
			isa = XCBuildConfiguration;
			buildSettings = {
				ALWAYS_EMBED_SWIFT_STANDARD_LIBRARIES = YES;
				CODE_SIGN_STYLE = Automatic;
				CURRENT_PROJECT_VERSION = 1;
				GENERATE_INFOPLIST_FILE = YES;
				MARKETING_VERSION = 1.0;
				PRODUCT_BUNDLE_IDENTIFIER = "com.test.NavigationViewController-tutoriakUITests";
				PRODUCT_NAME = "$(TARGET_NAME)";
				SWIFT_EMIT_LOC_STRINGS = NO;
				SWIFT_VERSION = 5.0;
				TARGETED_DEVICE_FAMILY = "1,2";
				TEST_TARGET_NAME = NavigationViewController_tutoriak;
			};
			name = Release;
		};
/* End XCBuildConfiguration section */

/* Begin XCConfigurationList section */
		BEDDABC1296DA16000833654 /* Build configuration list for PBXProject "NavigationViewController_tutoriak" */ = {
			isa = XCConfigurationList;
			buildConfigurations = (
				BEDDABEE296DA16300833654 /* Debug */,
				BEDDABEF296DA16300833654 /* Release */,
			);
			defaultConfigurationIsVisible = 0;
			defaultConfigurationName = Release;
		};
		BEDDABF0296DA16300833654 /* Build configuration list for PBXNativeTarget "NavigationViewController_tutoriak" */ = {
			isa = XCConfigurationList;
			buildConfigurations = (
				BEDDABF1296DA16300833654 /* Debug */,
				BEDDABF2296DA16300833654 /* Release */,
			);
			defaultConfigurationIsVisible = 0;
			defaultConfigurationName = Release;
		};
		BEDDABF3296DA16300833654 /* Build configuration list for PBXNativeTarget "NavigationViewController_tutoriakTests" */ = {
			isa = XCConfigurationList;
			buildConfigurations = (
				BEDDABF4296DA16300833654 /* Debug */,
				BEDDABF5296DA16300833654 /* Release */,
			);
			defaultConfigurationIsVisible = 0;
			defaultConfigurationName = Release;
		};
		BEDDABF6296DA16300833654 /* Build configuration list for PBXNativeTarget "NavigationViewController_tutoriakUITests" */ = {
			isa = XCConfigurationList;
			buildConfigurations = (
				BEDDABF7296DA16300833654 /* Debug */,
				BEDDABF8296DA16300833654 /* Release */,
			);
			defaultConfigurationIsVisible = 0;
			defaultConfigurationName = Release;
		};
/* End XCConfigurationList section */
	};
	rootObject = BEDDABBE296DA16000833654 /* Project object */;
}
