// !$*UTF8*$!
{
	archiveVersion = 1;
	classes = {
	};
	objectVersion = 56;
	objects = {

/* Begin PBXBuildFile section */
		BE6D65B5296F021600B6B981 /* AppDelegate.swift in Sources */ = {isa = PBXBuildFile; fileRef = BE6D65B4296F021600B6B981 /* AppDelegate.swift */; };
		BE6D65B7296F021600B6B981 /* SceneDelegate.swift in Sources */ = {isa = PBXBuildFile; fileRef = BE6D65B6296F021600B6B981 /* SceneDelegate.swift */; };
		BE6D65B9296F021600B6B981 /* ViewController.swift in Sources */ = {isa = PBXBuildFile; fileRef = BE6D65B8296F021600B6B981 /* ViewController.swift */; };
		BE6D65BC296F021600B6B981 /* Main.storyboard in Resources */ = {isa = PBXBuildFile; fileRef = BE6D65BA296F021600B6B981 /* Main.storyboard */; };
		BE6D65BE296F021A00B6B981 /* Assets.xcassets in Resources */ = {isa = PBXBuildFile; fileRef = BE6D65BD296F021A00B6B981 /* Assets.xcassets */; };
		BE6D65C1296F021A00B6B981 /* LaunchScreen.storyboard in Resources */ = {isa = PBXBuildFile; fileRef = BE6D65BF296F021A00B6B981 /* LaunchScreen.storyboard */; };
		BE6D65CC296F021B00B6B981 /* Extension_tutorialTests.swift in Sources */ = {isa = PBXBuildFile; fileRef = BE6D65CB296F021B00B6B981 /* Extension_tutorialTests.swift */; };
		BE6D65D6296F021B00B6B981 /* Extension_tutorialUITests.swift in Sources */ = {isa = PBXBuildFile; fileRef = BE6D65D5296F021B00B6B981 /* Extension_tutorialUITests.swift */; };
		BE6D65D8296F021B00B6B981 /* Extension_tutorialUITestsLaunchTests.swift in Sources */ = {isa = PBXBuildFile; fileRef = BE6D65D7296F021B00B6B981 /* Extension_tutorialUITestsLaunchTests.swift */; };
		BE6D65E5296F026400B6B981 /* extension.swift in Sources */ = {isa = PBXBuildFile; fileRef = BE6D65E4296F026400B6B981 /* extension.swift */; };
/* End PBXBuildFile section */

/* Begin PBXContainerItemProxy section */
		BE6D65C8296F021B00B6B981 /* PBXContainerItemProxy */ = {
			isa = PBXContainerItemProxy;
			containerPortal = BE6D65A9296F021600B6B981 /* Project object */;
			proxyType = 1;
			remoteGlobalIDString = BE6D65B0296F021600B6B981;
			remoteInfo = Extension_tutorial;
		};
		BE6D65D2296F021B00B6B981 /* PBXContainerItemProxy */ = {
			isa = PBXContainerItemProxy;
			containerPortal = BE6D65A9296F021600B6B981 /* Project object */;
			proxyType = 1;
			remoteGlobalIDString = BE6D65B0296F021600B6B981;
			remoteInfo = Extension_tutorial;
		};
/* End PBXContainerItemProxy section */

/* Begin PBXFileReference section */
		BE6D65B1296F021600B6B981 /* Extension_tutorial.app */ = {isa = PBXFileReference; explicitFileType = wrapper.application; includeInIndex = 0; path = Extension_tutorial.app; sourceTree = BUILT_PRODUCTS_DIR; };
		BE6D65B4296F021600B6B981 /* AppDelegate.swift */ = {isa = PBXFileReference; lastKnownFileType = sourcecode.swift; path = AppDelegate.swift; sourceTree = "<group>"; };
		BE6D65B6296F021600B6B981 /* SceneDelegate.swift */ = {isa = PBXFileReference; lastKnownFileType = sourcecode.swift; path = SceneDelegate.swift; sourceTree = "<group>"; };
		BE6D65B8296F021600B6B981 /* ViewController.swift */ = {isa = PBXFileReference; lastKnownFileType = sourcecode.swift; path = ViewController.swift; sourceTree = "<group>"; };
		BE6D65BB296F021600B6B981 /* Base */ = {isa = PBXFileReference; lastKnownFileType = file.storyboard; name = Base; path = Base.lproj/Main.storyboard; sourceTree = "<group>"; };
		BE6D65BD296F021A00B6B981 /* Assets.xcassets */ = {isa = PBXFileReference; lastKnownFileType = folder.assetcatalog; path = Assets.xcassets; sourceTree = "<group>"; };
		BE6D65C0296F021A00B6B981 /* Base */ = {isa = PBXFileReference; lastKnownFileType = file.storyboard; name = Base; path = Base.lproj/LaunchScreen.storyboard; sourceTree = "<group>"; };
		BE6D65C2296F021A00B6B981 /* Info.plist */ = {isa = PBXFileReference; lastKnownFileType = text.plist.xml; path = Info.plist; sourceTree = "<group>"; };
		BE6D65C7296F021B00B6B981 /* Extension_tutorialTests.xctest */ = {isa = PBXFileReference; explicitFileType = wrapper.cfbundle; includeInIndex = 0; path = Extension_tutorialTests.xctest; sourceTree = BUILT_PRODUCTS_DIR; };
		BE6D65CB296F021B00B6B981 /* Extension_tutorialTests.swift */ = {isa = PBXFileReference; lastKnownFileType = sourcecode.swift; path = Extension_tutorialTests.swift; sourceTree = "<group>"; };
		BE6D65D1296F021B00B6B981 /* Extension_tutorialUITests.xctest */ = {isa = PBXFileReference; explicitFileType = wrapper.cfbundle; includeInIndex = 0; path = Extension_tutorialUITests.xctest; sourceTree = BUILT_PRODUCTS_DIR; };
		BE6D65D5296F021B00B6B981 /* Extension_tutorialUITests.swift */ = {isa = PBXFileReference; lastKnownFileType = sourcecode.swift; path = Extension_tutorialUITests.swift; sourceTree = "<group>"; };
		BE6D65D7296F021B00B6B981 /* Extension_tutorialUITestsLaunchTests.swift */ = {isa = PBXFileReference; lastKnownFileType = sourcecode.swift; path = Extension_tutorialUITestsLaunchTests.swift; sourceTree = "<group>"; };
		BE6D65E4296F026400B6B981 /* extension.swift */ = {isa = PBXFileReference; lastKnownFileType = sourcecode.swift; path = extension.swift; sourceTree = "<group>"; };
/* End PBXFileReference section */

/* Begin PBXFrameworksBuildPhase section */
		BE6D65AE296F021600B6B981 /* Frameworks */ = {
			isa = PBXFrameworksBuildPhase;
			buildActionMask = 2147483647;
			files = (
			);
			runOnlyForDeploymentPostprocessing = 0;
		};
		BE6D65C4296F021B00B6B981 /* Frameworks */ = {
			isa = PBXFrameworksBuildPhase;
			buildActionMask = 2147483647;
			files = (
			);
			runOnlyForDeploymentPostprocessing = 0;
		};
		BE6D65CE296F021B00B6B981 /* Frameworks */ = {
			isa = PBXFrameworksBuildPhase;
			buildActionMask = 2147483647;
			files = (
			);
			runOnlyForDeploymentPostprocessing = 0;
		};
/* End PBXFrameworksBuildPhase section */

/* Begin PBXGroup section */
		BE6D65A8296F021600B6B981 = {
			isa = PBXGroup;
			children = (
				BE6D65B3296F021600B6B981 /* Extension_tutorial */,
				BE6D65CA296F021B00B6B981 /* Extension_tutorialTests */,
				BE6D65D4296F021B00B6B981 /* Extension_tutorialUITests */,
				BE6D65B2296F021600B6B981 /* Products */,
			);
			sourceTree = "<group>";
		};
		BE6D65B2296F021600B6B981 /* Products */ = {
			isa = PBXGroup;
			children = (
				BE6D65B1296F021600B6B981 /* Extension_tutorial.app */,
				BE6D65C7296F021B00B6B981 /* Extension_tutorialTests.xctest */,
				BE6D65D1296F021B00B6B981 /* Extension_tutorialUITests.xctest */,
			);
			name = Products;
			sourceTree = "<group>";
		};
		BE6D65B3296F021600B6B981 /* Extension_tutorial */ = {
			isa = PBXGroup;
			children = (
				BE6D65B4296F021600B6B981 /* AppDelegate.swift */,
				BE6D65B6296F021600B6B981 /* SceneDelegate.swift */,
				BE6D65B8296F021600B6B981 /* ViewController.swift */,
				BE6D65BA296F021600B6B981 /* Main.storyboard */,
				BE6D65BD296F021A00B6B981 /* Assets.xcassets */,
				BE6D65BF296F021A00B6B981 /* LaunchScreen.storyboard */,
				BE6D65C2296F021A00B6B981 /* Info.plist */,
				BE6D65E4296F026400B6B981 /* extension.swift */,
			);
			path = Extension_tutorial;
			sourceTree = "<group>";
		};
		BE6D65CA296F021B00B6B981 /* Extension_tutorialTests */ = {
			isa = PBXGroup;
			children = (
				BE6D65CB296F021B00B6B981 /* Extension_tutorialTests.swift */,
			);
			path = Extension_tutorialTests;
			sourceTree = "<group>";
		};
		BE6D65D4296F021B00B6B981 /* Extension_tutorialUITests */ = {
			isa = PBXGroup;
			children = (
				BE6D65D5296F021B00B6B981 /* Extension_tutorialUITests.swift */,
				BE6D65D7296F021B00B6B981 /* Extension_tutorialUITestsLaunchTests.swift */,
			);
			path = Extension_tutorialUITests;
			sourceTree = "<group>";
		};
/* End PBXGroup section */

/* Begin PBXNativeTarget section */
		BE6D65B0296F021600B6B981 /* Extension_tutorial */ = {
			isa = PBXNativeTarget;
			buildConfigurationList = BE6D65DB296F021B00B6B981 /* Build configuration list for PBXNativeTarget "Extension_tutorial" */;
			buildPhases = (
				BE6D65AD296F021600B6B981 /* Sources */,
				BE6D65AE296F021600B6B981 /* Frameworks */,
				BE6D65AF296F021600B6B981 /* Resources */,
			);
			buildRules = (
			);
			dependencies = (
			);
			name = Extension_tutorial;
			productName = Extension_tutorial;
			productReference = BE6D65B1296F021600B6B981 /* Extension_tutorial.app */;
			productType = "com.apple.product-type.application";
		};
		BE6D65C6296F021B00B6B981 /* Extension_tutorialTests */ = {
			isa = PBXNativeTarget;
			buildConfigurationList = BE6D65DE296F021B00B6B981 /* Build configuration list for PBXNativeTarget "Extension_tutorialTests" */;
			buildPhases = (
				BE6D65C3296F021B00B6B981 /* Sources */,
				BE6D65C4296F021B00B6B981 /* Frameworks */,
				BE6D65C5296F021B00B6B981 /* Resources */,
			);
			buildRules = (
			);
			dependencies = (
				BE6D65C9296F021B00B6B981 /* PBXTargetDependency */,
			);
			name = Extension_tutorialTests;
			productName = Extension_tutorialTests;
			productReference = BE6D65C7296F021B00B6B981 /* Extension_tutorialTests.xctest */;
			productType = "com.apple.product-type.bundle.unit-test";
		};
		BE6D65D0296F021B00B6B981 /* Extension_tutorialUITests */ = {
			isa = PBXNativeTarget;
			buildConfigurationList = BE6D65E1296F021B00B6B981 /* Build configuration list for PBXNativeTarget "Extension_tutorialUITests" */;
			buildPhases = (
				BE6D65CD296F021B00B6B981 /* Sources */,
				BE6D65CE296F021B00B6B981 /* Frameworks */,
				BE6D65CF296F021B00B6B981 /* Resources */,
			);
			buildRules = (
			);
			dependencies = (
				BE6D65D3296F021B00B6B981 /* PBXTargetDependency */,
			);
			name = Extension_tutorialUITests;
			productName = Extension_tutorialUITests;
			productReference = BE6D65D1296F021B00B6B981 /* Extension_tutorialUITests.xctest */;
			productType = "com.apple.product-type.bundle.ui-testing";
		};
/* End PBXNativeTarget section */

/* Begin PBXProject section */
		BE6D65A9296F021600B6B981 /* Project object */ = {
			isa = PBXProject;
			attributes = {
				BuildIndependentTargetsInParallel = 1;
				LastSwiftUpdateCheck = 1420;
				LastUpgradeCheck = 1420;
				TargetAttributes = {
					BE6D65B0296F021600B6B981 = {
						CreatedOnToolsVersion = 14.2;
					};
					BE6D65C6296F021B00B6B981 = {
						CreatedOnToolsVersion = 14.2;
						TestTargetID = BE6D65B0296F021600B6B981;
					};
					BE6D65D0296F021B00B6B981 = {
						CreatedOnToolsVersion = 14.2;
						TestTargetID = BE6D65B0296F021600B6B981;
					};
				};
			};
			buildConfigurationList = BE6D65AC296F021600B6B981 /* Build configuration list for PBXProject "Extension_tutorial" */;
			compatibilityVersion = "Xcode 14.0";
			developmentRegion = en;
			hasScannedForEncodings = 0;
			knownRegions = (
				en,
				Base,
			);
			mainGroup = BE6D65A8296F021600B6B981;
			productRefGroup = BE6D65B2296F021600B6B981 /* Products */;
			projectDirPath = "";
			projectRoot = "";
			targets = (
				BE6D65B0296F021600B6B981 /* Extension_tutorial */,
				BE6D65C6296F021B00B6B981 /* Extension_tutorialTests */,
				BE6D65D0296F021B00B6B981 /* Extension_tutorialUITests */,
			);
		};
/* End PBXProject section */

/* Begin PBXResourcesBuildPhase section */
		BE6D65AF296F021600B6B981 /* Resources */ = {
			isa = PBXResourcesBuildPhase;
			buildActionMask = 2147483647;
			files = (
				BE6D65C1296F021A00B6B981 /* LaunchScreen.storyboard in Resources */,
				BE6D65BE296F021A00B6B981 /* Assets.xcassets in Resources */,
				BE6D65BC296F021600B6B981 /* Main.storyboard in Resources */,
			);
			runOnlyForDeploymentPostprocessing = 0;
		};
		BE6D65C5296F021B00B6B981 /* Resources */ = {
			isa = PBXResourcesBuildPhase;
			buildActionMask = 2147483647;
			files = (
			);
			runOnlyForDeploymentPostprocessing = 0;
		};
		BE6D65CF296F021B00B6B981 /* Resources */ = {
			isa = PBXResourcesBuildPhase;
			buildActionMask = 2147483647;
			files = (
			);
			runOnlyForDeploymentPostprocessing = 0;
		};
/* End PBXResourcesBuildPhase section */

/* Begin PBXSourcesBuildPhase section */
		BE6D65AD296F021600B6B981 /* Sources */ = {
			isa = PBXSourcesBuildPhase;
			buildActionMask = 2147483647;
			files = (
				BE6D65B9296F021600B6B981 /* ViewController.swift in Sources */,
				BE6D65B5296F021600B6B981 /* AppDelegate.swift in Sources */,
				BE6D65B7296F021600B6B981 /* SceneDelegate.swift in Sources */,
				BE6D65E5296F026400B6B981 /* extension.swift in Sources */,
			);
			runOnlyForDeploymentPostprocessing = 0;
		};
		BE6D65C3296F021B00B6B981 /* Sources */ = {
			isa = PBXSourcesBuildPhase;
			buildActionMask = 2147483647;
			files = (
				BE6D65CC296F021B00B6B981 /* Extension_tutorialTests.swift in Sources */,
			);
			runOnlyForDeploymentPostprocessing = 0;
		};
		BE6D65CD296F021B00B6B981 /* Sources */ = {
			isa = PBXSourcesBuildPhase;
			buildActionMask = 2147483647;
			files = (
				BE6D65D8296F021B00B6B981 /* Extension_tutorialUITestsLaunchTests.swift in Sources */,
				BE6D65D6296F021B00B6B981 /* Extension_tutorialUITests.swift in Sources */,
			);
			runOnlyForDeploymentPostprocessing = 0;
		};
/* End PBXSourcesBuildPhase section */

/* Begin PBXTargetDependency section */
		BE6D65C9296F021B00B6B981 /* PBXTargetDependency */ = {
			isa = PBXTargetDependency;
			target = BE6D65B0296F021600B6B981 /* Extension_tutorial */;
			targetProxy = BE6D65C8296F021B00B6B981 /* PBXContainerItemProxy */;
		};
		BE6D65D3296F021B00B6B981 /* PBXTargetDependency */ = {
			isa = PBXTargetDependency;
			target = BE6D65B0296F021600B6B981 /* Extension_tutorial */;
			targetProxy = BE6D65D2296F021B00B6B981 /* PBXContainerItemProxy */;
		};
/* End PBXTargetDependency section */

/* Begin PBXVariantGroup section */
		BE6D65BA296F021600B6B981 /* Main.storyboard */ = {
			isa = PBXVariantGroup;
			children = (
				BE6D65BB296F021600B6B981 /* Base */,
			);
			name = Main.storyboard;
			sourceTree = "<group>";
		};
		BE6D65BF296F021A00B6B981 /* LaunchScreen.storyboard */ = {
			isa = PBXVariantGroup;
			children = (
				BE6D65C0296F021A00B6B981 /* Base */,
			);
			name = LaunchScreen.storyboard;
			sourceTree = "<group>";
		};
/* End PBXVariantGroup section */

/* Begin XCBuildConfiguration section */
		BE6D65D9296F021B00B6B981 /* Debug */ = {
			isa = XCBuildConfiguration;
			buildSettings = {
				ALWAYS_SEARCH_USER_PATHS = NO;
				CLANG_ANALYZER_NONNULL = YES;
				CLANG_ANALYZER_NUMBER_OBJECT_CONVERSION = YES_AGGRESSIVE;
				CLANG_CXX_LANGUAGE_STANDARD = "gnu++20";
				CLANG_ENABLE_MODULES = YES;
				CLANG_ENABLE_OBJC_ARC = YES;
				CLANG_ENABLE_OBJC_WEAK = YES;
				CLANG_WARN_BLOCK_CAPTURE_AUTORELEASING = YES;
				CLANG_WARN_BOOL_CONVERSION = YES;
				CLANG_WARN_COMMA = YES;
				CLANG_WARN_CONSTANT_CONVERSION = YES;
				CLANG_WARN_DEPRECATED_OBJC_IMPLEMENTATIONS = YES;
				CLANG_WARN_DIRECT_OBJC_ISA_USAGE = YES_ERROR;
				CLANG_WARN_DOCUMENTATION_COMMENTS = YES;
				CLANG_WARN_EMPTY_BODY = YES;
				CLANG_WARN_ENUM_CONVERSION = YES;
				CLANG_WARN_INFINITE_RECURSION = YES;
				CLANG_WARN_INT_CONVERSION = YES;
				CLANG_WARN_NON_LITERAL_NULL_CONVERSION = YES;
				CLANG_WARN_OBJC_IMPLICIT_RETAIN_SELF = YES;
				CLANG_WARN_OBJC_LITERAL_CONVERSION = YES;
				CLANG_WARN_OBJC_ROOT_CLASS = YES_ERROR;
				CLANG_WARN_QUOTED_INCLUDE_IN_FRAMEWORK_HEADER = YES;
				CLANG_WARN_RANGE_LOOP_ANALYSIS = YES;
				CLANG_WARN_STRICT_PROTOTYPES = YES;
				CLANG_WARN_SUSPICIOUS_MOVE = YES;
				CLANG_WARN_UNGUARDED_AVAILABILITY = YES_AGGRESSIVE;
				CLANG_WARN_UNREACHABLE_CODE = YES;
				CLANG_WARN__DUPLICATE_METHOD_MATCH = YES;
				COPY_PHASE_STRIP = NO;
				DEBUG_INFORMATION_FORMAT = dwarf;
				ENABLE_STRICT_OBJC_MSGSEND = YES;
				ENABLE_TESTABILITY = YES;
				GCC_C_LANGUAGE_STANDARD = gnu11;
				GCC_DYNAMIC_NO_PIC = NO;
				GCC_NO_COMMON_BLOCKS = YES;
				GCC_OPTIMIZATION_LEVEL = 0;
				GCC_PREPROCESSOR_DEFINITIONS = (
					"DEBUG=1",
					"$(inherited)",
				);
				GCC_WARN_64_TO_32_BIT_CONVERSION = YES;
				GCC_WARN_ABOUT_RETURN_TYPE = YES_ERROR;
				GCC_WARN_UNDECLARED_SELECTOR = YES;
				GCC_WARN_UNINITIALIZED_AUTOS = YES_AGGRESSIVE;
				GCC_WARN_UNUSED_FUNCTION = YES;
				GCC_WARN_UNUSED_VARIABLE = YES;
				IPHONEOS_DEPLOYMENT_TARGET = 16.2;
				MTL_ENABLE_DEBUG_INFO = INCLUDE_SOURCE;
				MTL_FAST_MATH = YES;
				ONLY_ACTIVE_ARCH = YES;
				SDKROOT = iphoneos;
				SWIFT_ACTIVE_COMPILATION_CONDITIONS = DEBUG;
				SWIFT_OPTIMIZATION_LEVEL = "-Onone";
			};
			name = Debug;
		};
		BE6D65DA296F021B00B6B981 /* Release */ = {
			isa = XCBuildConfiguration;
			buildSettings = {
				ALWAYS_SEARCH_USER_PATHS = NO;
				CLANG_ANALYZER_NONNULL = YES;
				CLANG_ANALYZER_NUMBER_OBJECT_CONVERSION = YES_AGGRESSIVE;
				CLANG_CXX_LANGUAGE_STANDARD = "gnu++20";
				CLANG_ENABLE_MODULES = YES;
				CLANG_ENABLE_OBJC_ARC = YES;
				CLANG_ENABLE_OBJC_WEAK = YES;
				CLANG_WARN_BLOCK_CAPTURE_AUTORELEASING = YES;
				CLANG_WARN_BOOL_CONVERSION = YES;
				CLANG_WARN_COMMA = YES;
				CLANG_WARN_CONSTANT_CONVERSION = YES;
				CLANG_WARN_DEPRECATED_OBJC_IMPLEMENTATIONS = YES;
				CLANG_WARN_DIRECT_OBJC_ISA_USAGE = YES_ERROR;
				CLANG_WARN_DOCUMENTATION_COMMENTS = YES;
				CLANG_WARN_EMPTY_BODY = YES;
				CLANG_WARN_ENUM_CONVERSION = YES;
				CLANG_WARN_INFINITE_RECURSION = YES;
				CLANG_WARN_INT_CONVERSION = YES;
				CLANG_WARN_NON_LITERAL_NULL_CONVERSION = YES;
				CLANG_WARN_OBJC_IMPLICIT_RETAIN_SELF = YES;
				CLANG_WARN_OBJC_LITERAL_CONVERSION = YES;
				CLANG_WARN_OBJC_ROOT_CLASS = YES_ERROR;
				CLANG_WARN_QUOTED_INCLUDE_IN_FRAMEWORK_HEADER = YES;
				CLANG_WARN_RANGE_LOOP_ANALYSIS = YES;
				CLANG_WARN_STRICT_PROTOTYPES = YES;
				CLANG_WARN_SUSPICIOUS_MOVE = YES;
				CLANG_WARN_UNGUARDED_AVAILABILITY = YES_AGGRESSIVE;
				CLANG_WARN_UNREACHABLE_CODE = YES;
				CLANG_WARN__DUPLICATE_METHOD_MATCH = YES;
				COPY_PHASE_STRIP = NO;
				DEBUG_INFORMATION_FORMAT = "dwarf-with-dsym";
				ENABLE_NS_ASSERTIONS = NO;
				ENABLE_STRICT_OBJC_MSGSEND = YES;
				GCC_C_LANGUAGE_STANDARD = gnu11;
				GCC_NO_COMMON_BLOCKS = YES;
				GCC_WARN_64_TO_32_BIT_CONVERSION = YES;
				GCC_WARN_ABOUT_RETURN_TYPE = YES_ERROR;
				GCC_WARN_UNDECLARED_SELECTOR = YES;
				GCC_WARN_UNINITIALIZED_AUTOS = YES_AGGRESSIVE;
				GCC_WARN_UNUSED_FUNCTION = YES;
				GCC_WARN_UNUSED_VARIABLE = YES;
				IPHONEOS_DEPLOYMENT_TARGET = 16.2;
				MTL_ENABLE_DEBUG_INFO = NO;
				MTL_FAST_MATH = YES;
				SDKROOT = iphoneos;
				SWIFT_COMPILATION_MODE = wholemodule;
				SWIFT_OPTIMIZATION_LEVEL = "-O";
				VALIDATE_PRODUCT = YES;
			};
			name = Release;
		};
		BE6D65DC296F021B00B6B981 /* Debug */ = {
			isa = XCBuildConfiguration;
			buildSettings = {
				ASSETCATALOG_COMPILER_APPICON_NAME = AppIcon;
				ASSETCATALOG_COMPILER_GLOBAL_ACCENT_COLOR_NAME = AccentColor;
				CODE_SIGN_STYLE = Automatic;
				CURRENT_PROJECT_VERSION = 1;
				GENERATE_INFOPLIST_FILE = YES;
				INFOPLIST_FILE = Extension_tutorial/Info.plist;
				INFOPLIST_KEY_UIApplicationSupportsIndirectInputEvents = YES;
				INFOPLIST_KEY_UILaunchStoryboardName = LaunchScreen;
				INFOPLIST_KEY_UIMainStoryboardFile = Main;
				INFOPLIST_KEY_UISupportedInterfaceOrientations_iPad = "UIInterfaceOrientationPortrait UIInterfaceOrientationPortraitUpsideDown UIInterfaceOrientationLandscapeLeft UIInterfaceOrientationLandscapeRight";
				INFOPLIST_KEY_UISupportedInterfaceOrientations_iPhone = "UIInterfaceOrientationPortrait UIInterfaceOrientationLandscapeLeft UIInterfaceOrientationLandscapeRight";
				LD_RUNPATH_SEARCH_PATHS = (
					"$(inherited)",
					"@executable_path/Frameworks",
				);
				MARKETING_VERSION = 1.0;
				PRODUCT_BUNDLE_IDENTIFIER = "com.test.Extension-tutorial";
				PRODUCT_NAME = "$(TARGET_NAME)";
				SWIFT_EMIT_LOC_STRINGS = YES;
				SWIFT_VERSION = 5.0;
				TARGETED_DEVICE_FAMILY = "1,2";
			};
			name = Debug;
		};
		BE6D65DD296F021B00B6B981 /* Release */ = {
			isa = XCBuildConfiguration;
			buildSettings = {
				ASSETCATALOG_COMPILER_APPICON_NAME = AppIcon;
				ASSETCATALOG_COMPILER_GLOBAL_ACCENT_COLOR_NAME = AccentColor;
				CODE_SIGN_STYLE = Automatic;
				CURRENT_PROJECT_VERSION = 1;
				GENERATE_INFOPLIST_FILE = YES;
				INFOPLIST_FILE = Extension_tutorial/Info.plist;
				INFOPLIST_KEY_UIApplicationSupportsIndirectInputEvents = YES;
				INFOPLIST_KEY_UILaunchStoryboardName = LaunchScreen;
				INFOPLIST_KEY_UIMainStoryboardFile = Main;
				INFOPLIST_KEY_UISupportedInterfaceOrientations_iPad = "UIInterfaceOrientationPortrait UIInterfaceOrientationPortraitUpsideDown UIInterfaceOrientationLandscapeLeft UIInterfaceOrientationLandscapeRight";
				INFOPLIST_KEY_UISupportedInterfaceOrientations_iPhone = "UIInterfaceOrientationPortrait UIInterfaceOrientationLandscapeLeft UIInterfaceOrientationLandscapeRight";
				LD_RUNPATH_SEARCH_PATHS = (
					"$(inherited)",
					"@executable_path/Frameworks",
				);
				MARKETING_VERSION = 1.0;
				PRODUCT_BUNDLE_IDENTIFIER = "com.test.Extension-tutorial";
				PRODUCT_NAME = "$(TARGET_NAME)";
				SWIFT_EMIT_LOC_STRINGS = YES;
				SWIFT_VERSION = 5.0;
				TARGETED_DEVICE_FAMILY = "1,2";
			};
			name = Release;
		};
		BE6D65DF296F021B00B6B981 /* Debug */ = {
			isa = XCBuildConfiguration;
			buildSettings = {
				ALWAYS_EMBED_SWIFT_STANDARD_LIBRARIES = YES;
				BUNDLE_LOADER = "$(TEST_HOST)";
				CODE_SIGN_STYLE = Automatic;
				CURRENT_PROJECT_VERSION = 1;
				GENERATE_INFOPLIST_FILE = YES;
				IPHONEOS_DEPLOYMENT_TARGET = 16.2;
				MARKETING_VERSION = 1.0;
				PRODUCT_BUNDLE_IDENTIFIER = "com.test.Extension-tutorialTests";
				PRODUCT_NAME = "$(TARGET_NAME)";
				SWIFT_EMIT_LOC_STRINGS = NO;
				SWIFT_VERSION = 5.0;
				TARGETED_DEVICE_FAMILY = "1,2";
				TEST_HOST = "$(BUILT_PRODUCTS_DIR)/Extension_tutorial.app/$(BUNDLE_EXECUTABLE_FOLDER_PATH)/Extension_tutorial";
			};
			name = Debug;
		};
		BE6D65E0296F021B00B6B981 /* Release */ = {
			isa = XCBuildConfiguration;
			buildSettings = {
				ALWAYS_EMBED_SWIFT_STANDARD_LIBRARIES = YES;
				BUNDLE_LOADER = "$(TEST_HOST)";
				CODE_SIGN_STYLE = Automatic;
				CURRENT_PROJECT_VERSION = 1;
				GENERATE_INFOPLIST_FILE = YES;
				IPHONEOS_DEPLOYMENT_TARGET = 16.2;
				MARKETING_VERSION = 1.0;
				PRODUCT_BUNDLE_IDENTIFIER = "com.test.Extension-tutorialTests";
				PRODUCT_NAME = "$(TARGET_NAME)";
				SWIFT_EMIT_LOC_STRINGS = NO;
				SWIFT_VERSION = 5.0;
				TARGETED_DEVICE_FAMILY = "1,2";
				TEST_HOST = "$(BUILT_PRODUCTS_DIR)/Extension_tutorial.app/$(BUNDLE_EXECUTABLE_FOLDER_PATH)/Extension_tutorial";
			};
			name = Release;
		};
		BE6D65E2296F021B00B6B981 /* Debug */ = {
			isa = XCBuildConfiguration;
			buildSettings = {
				ALWAYS_EMBED_SWIFT_STANDARD_LIBRARIES = YES;
				CODE_SIGN_STYLE = Automatic;
				CURRENT_PROJECT_VERSION = 1;
				GENERATE_INFOPLIST_FILE = YES;
				MARKETING_VERSION = 1.0;
				PRODUCT_BUNDLE_IDENTIFIER = "com.test.Extension-tutorialUITests";
				PRODUCT_NAME = "$(TARGET_NAME)";
				SWIFT_EMIT_LOC_STRINGS = NO;
				SWIFT_VERSION = 5.0;
				TARGETED_DEVICE_FAMILY = "1,2";
				TEST_TARGET_NAME = Extension_tutorial;
			};
			name = Debug;
		};
		BE6D65E3296F021B00B6B981 /* Release */ = {
			isa = XCBuildConfiguration;
			buildSettings = {
				ALWAYS_EMBED_SWIFT_STANDARD_LIBRARIES = YES;
				CODE_SIGN_STYLE = Automatic;
				CURRENT_PROJECT_VERSION = 1;
				GENERATE_INFOPLIST_FILE = YES;
				MARKETING_VERSION = 1.0;
				PRODUCT_BUNDLE_IDENTIFIER = "com.test.Extension-tutorialUITests";
				PRODUCT_NAME = "$(TARGET_NAME)";
				SWIFT_EMIT_LOC_STRINGS = NO;
				SWIFT_VERSION = 5.0;
				TARGETED_DEVICE_FAMILY = "1,2";
				TEST_TARGET_NAME = Extension_tutorial;
			};
			name = Release;
		};
/* End XCBuildConfiguration section */

/* Begin XCConfigurationList section */
		BE6D65AC296F021600B6B981 /* Build configuration list for PBXProject "Extension_tutorial" */ = {
			isa = XCConfigurationList;
			buildConfigurations = (
				BE6D65D9296F021B00B6B981 /* Debug */,
				BE6D65DA296F021B00B6B981 /* Release */,
			);
			defaultConfigurationIsVisible = 0;
			defaultConfigurationName = Release;
		};
		BE6D65DB296F021B00B6B981 /* Build configuration list for PBXNativeTarget "Extension_tutorial" */ = {
			isa = XCConfigurationList;
			buildConfigurations = (
				BE6D65DC296F021B00B6B981 /* Debug */,
				BE6D65DD296F021B00B6B981 /* Release */,
			);
			defaultConfigurationIsVisible = 0;
			defaultConfigurationName = Release;
		};
		BE6D65DE296F021B00B6B981 /* Build configuration list for PBXNativeTarget "Extension_tutorialTests" */ = {
			isa = XCConfigurationList;
			buildConfigurations = (
				BE6D65DF296F021B00B6B981 /* Debug */,
				BE6D65E0296F021B00B6B981 /* Release */,
			);
			defaultConfigurationIsVisible = 0;
			defaultConfigurationName = Release;
		};
		BE6D65E1296F021B00B6B981 /* Build configuration list for PBXNativeTarget "Extension_tutorialUITests" */ = {
			isa = XCConfigurationList;
			buildConfigurations = (
				BE6D65E2296F021B00B6B981 /* Debug */,
				BE6D65E3296F021B00B6B981 /* Release */,
			);
			defaultConfigurationIsVisible = 0;
			defaultConfigurationName = Release;
		};
/* End XCConfigurationList section */
	};
	rootObject = BE6D65A9296F021600B6B981 /* Project object */;
}
